
Microsoft Visual Studio Solution File, Format Version 12.00
# Visual Studio 2012
Project("{FAE04EC0-301F-11D3-BF4B-00C04F79EFBC}") = "ProyectoTeoriaBD", "ProyectoTeoriaBD\ProyectoTeoriaBD.csproj", "{671C8386-CCA5-4296-AAD9-A32F0D38830E}"
EndProject
Global
	GlobalSection(SolutionConfigurationPlatforms) = preSolution
		Debug|Any CPU = Debug|Any CPU
		Release|Any CPU = Release|Any CPU
	EndGlobalSection
	GlobalSection(ProjectConfigurationPlatforms) = postSolution
		{671C8386-CCA5-4296-AAD9-A32F0D38830E}.Debug|Any CPU.ActiveCfg = Debug|Any CPU
		{671C8386-CCA5-4296-AAD9-A32F0D38830E}.Debug|Any CPU.Build.0 = Debug|Any CPU
		{671C8386-CCA5-4296-AAD9-A32F0D38830E}.Release|Any CPU.ActiveCfg = Release|Any CPU
		{671C8386-CCA5-4296-AAD9-A32F0D38830E}.Release|Any CPU.Build.0 = Release|Any CPU
	EndGlobalSection
	GlobalSection(SolutionProperties) = preSolution
		HideSolutionNode = FALSE
	EndGlobalSection
EndGlobal
